
Microsoft Visual Studio Solution File, Format Version 12.00
# Visual Studio Version 17
VisualStudioVersion = 17.14.36212.18 d17.14
MinimumVisualStudioVersion = 10.0.40219.1
Project("{FAE04EC0-301F-11D3-BF4B-00C04F79EFBC}") = "GithubSerilogDemo", "GithubSerilogDemo.csproj", "{9B75D76C-A442-4299-9EB0-B072AEF2E5D9}"
EndProject
Global
	GlobalSection(SolutionConfigurationPlatforms) = preSolution
		Debug|Any CPU = Debug|Any CPU
		Release|Any CPU = Release|Any CPU
	EndGlobalSection
	GlobalSection(ProjectConfigurationPlatforms) = postSolution
		{9B75D76C-A442-4299-9EB0-B072AEF2E5D9}.Debug|Any CPU.ActiveCfg = Debug|Any CPU
		{9B75D76C-A442-4299-9EB0-B072AEF2E5D9}.Debug|Any CPU.Build.0 = Debug|Any CPU
		{9B75D76C-A442-4299-9EB0-B072AEF2E5D9}.Release|Any CPU.ActiveCfg = Release|Any CPU
		{9B75D76C-A442-4299-9EB0-B072AEF2E5D9}.Release|Any CPU.Build.0 = Release|Any CPU
	EndGlobalSection
	GlobalSection(SolutionProperties) = preSolution
		HideSolutionNode = FALSE
	EndGlobalSection
	GlobalSection(ExtensibilityGlobals) = postSolution
		SolutionGuid = {1E614F02-81A5-49C5-AECF-F96898357508}
	EndGlobalSection
EndGlobal
